
Microsoft Visual Studio Solution File, Format Version 12.00
# Visual Studio Version 16
VisualStudioVersion = 16.0.30503.244
MinimumVisualStudioVersion = 10.0.40219.1
Project("{FAE04EC0-301F-11D3-BF4B-00C04F79EFBC}") = "WarehouseProject", "WarehouseProject\WarehouseProject.csproj", "{5C9A903F-AD38-42A2-AAE4-B634E2652E70}"
EndProject
Global
	GlobalSection(SolutionConfigurationPlatforms) = preSolution
		Debug|Any CPU = Debug|Any CPU
		Release|Any CPU = Release|Any CPU
	EndGlobalSection
	GlobalSection(ProjectConfigurationPlatforms) = postSolution
		{5C9A903F-AD38-42A2-AAE4-B634E2652E70}.Debug|Any CPU.ActiveCfg = Debug|Any CPU
		{5C9A903F-AD38-42A2-AAE4-B634E2652E70}.Debug|Any CPU.Build.0 = Debug|Any CPU
		{5C9A903F-AD38-42A2-AAE4-B634E2652E70}.Release|Any CPU.ActiveCfg = Release|Any CPU
		{5C9A903F-AD38-42A2-AAE4-B634E2652E70}.Release|Any CPU.Build.0 = Release|Any CPU
	EndGlobalSection
	GlobalSection(SolutionProperties) = preSolution
		HideSolutionNode = FALSE
	EndGlobalSection
	GlobalSection(ExtensibilityGlobals) = postSolution
		SolutionGuid = {96F7CEA1-A459-4752-91C7-A0C869D706C4}
	EndGlobalSection
EndGlobal
